
Microsoft Visual Studio Solution File, Format Version 12.00
# Visual Studio 2013
VisualStudioVersion = 12.0.21005.1
MinimumVisualStudioVersion = 10.0.40219.1
Project("{FAE04EC0-301F-11D3-BF4B-00C04F79EFBC}") = "UserInterface", "UserInterface\UserInterface.csproj", "{1CEA213D-9BC7-45E7-B94F-E25F09118B8C}"
EndProject
Project("{FAE04EC0-301F-11D3-BF4B-00C04F79EFBC}") = "GameLogic", "GameLogic\GameLogic.csproj", "{754D81E4-B130-4EDF-AD01-5F997F342F59}"
EndProject
Project("{FAE04EC0-301F-11D3-BF4B-00C04F79EFBC}") = "GameAssets", "GameAssets\GameAssets.csproj", "{6ACFCA65-3DA0-4FE2-8CCC-1A6CC6736BBF}"
EndProject
Project("{FAE04EC0-301F-11D3-BF4B-00C04F79EFBC}") = "GameAI", "GameAI\GameAI.csproj", "{88B0DDF9-E35D-4BED-AD4A-B6471541FFCA}"
EndProject
Project("{FAE04EC0-301F-11D3-BF4B-00C04F79EFBC}") = "GameCommon", "GameCommon\GameCommon.csproj", "{BDAACF6F-8740-46DF-A520-4A44D5FE67C8}"
EndProject
Global
	GlobalSection(SolutionConfigurationPlatforms) = preSolution
		Debug|Any CPU = Debug|Any CPU
		Release|Any CPU = Release|Any CPU
	EndGlobalSection
	GlobalSection(ProjectConfigurationPlatforms) = postSolution
		{1CEA213D-9BC7-45E7-B94F-E25F09118B8C}.Debug|Any CPU.ActiveCfg = Debug|Any CPU
		{1CEA213D-9BC7-45E7-B94F-E25F09118B8C}.Debug|Any CPU.Build.0 = Debug|Any CPU
		{1CEA213D-9BC7-45E7-B94F-E25F09118B8C}.Release|Any CPU.ActiveCfg = Release|Any CPU
		{1CEA213D-9BC7-45E7-B94F-E25F09118B8C}.Release|Any CPU.Build.0 = Release|Any CPU
		{754D81E4-B130-4EDF-AD01-5F997F342F59}.Debug|Any CPU.ActiveCfg = Debug|Any CPU
		{754D81E4-B130-4EDF-AD01-5F997F342F59}.Debug|Any CPU.Build.0 = Debug|Any CPU
		{754D81E4-B130-4EDF-AD01-5F997F342F59}.Release|Any CPU.ActiveCfg = Release|Any CPU
		{754D81E4-B130-4EDF-AD01-5F997F342F59}.Release|Any CPU.Build.0 = Release|Any CPU
		{6ACFCA65-3DA0-4FE2-8CCC-1A6CC6736BBF}.Debug|Any CPU.ActiveCfg = Debug|Any CPU
		{6ACFCA65-3DA0-4FE2-8CCC-1A6CC6736BBF}.Debug|Any CPU.Build.0 = Debug|Any CPU
		{6ACFCA65-3DA0-4FE2-8CCC-1A6CC6736BBF}.Release|Any CPU.ActiveCfg = Release|Any CPU
		{6ACFCA65-3DA0-4FE2-8CCC-1A6CC6736BBF}.Release|Any CPU.Build.0 = Release|Any CPU
		{88B0DDF9-E35D-4BED-AD4A-B6471541FFCA}.Debug|Any CPU.ActiveCfg = Debug|Any CPU
		{88B0DDF9-E35D-4BED-AD4A-B6471541FFCA}.Debug|Any CPU.Build.0 = Debug|Any CPU
		{88B0DDF9-E35D-4BED-AD4A-B6471541FFCA}.Release|Any CPU.ActiveCfg = Release|Any CPU
		{88B0DDF9-E35D-4BED-AD4A-B6471541FFCA}.Release|Any CPU.Build.0 = Release|Any CPU
		{BDAACF6F-8740-46DF-A520-4A44D5FE67C8}.Debug|Any CPU.ActiveCfg = Debug|Any CPU
		{BDAACF6F-8740-46DF-A520-4A44D5FE67C8}.Debug|Any CPU.Build.0 = Debug|Any CPU
		{BDAACF6F-8740-46DF-A520-4A44D5FE67C8}.Release|Any CPU.ActiveCfg = Release|Any CPU
		{BDAACF6F-8740-46DF-A520-4A44D5FE67C8}.Release|Any CPU.Build.0 = Release|Any CPU
	EndGlobalSection
	GlobalSection(SolutionProperties) = preSolution
		HideSolutionNode = FALSE
	EndGlobalSection
EndGlobal
